
Microsoft Visual Studio Solution File, Format Version 12.00
# Visual Studio Version 17
VisualStudioVersion = 17.0.31903.59
MinimumVisualStudioVersion = 10.0.40219.1
Project("{2150E333-8FDC-42A3-9474-1A3956D46DE8}") = "03-SettingUpAnASPNETCore6MVCApplication", "03-SettingUpAnASPNETCore6MVCApplication", "{0AB00E04-C4A7-431D-B56C-A47A582715DA}"
EndProject
Project("{9A19103F-16F7-4668-BE54-9A1E7A4F7556}") = "SampleApplication", "03-SettingUpAnASPNETCore6MVCApplication\SampleApplication\SampleApplication.csproj", "{E78C154A-78C3-463C-A32F-75506AA859AC}"
EndProject
Project("{9A19103F-16F7-4668-BE54-9A1E7A4F7556}") = "BethanysPieShop", "03-SettingUpAnASPNETCore6MVCApplication\BethanysPieShop\BethanysPieShop.csproj", "{A07328A4-1333-449A-BCE3-59413C388088}"
EndProject
Project("{2150E333-8FDC-42A3-9474-1A3956D46DE8}") = "04-CreatingTheFirstPage", "04-CreatingTheFirstPage", "{DBFF2DFA-3540-4FDA-BB99-DBB71CC15787}"
EndProject
Project("{9A19103F-16F7-4668-BE54-9A1E7A4F7556}") = "BethanysPieShop", "04-CreatingTheFirstPage\BethanysPieShop\BethanysPieShop.csproj", "{1E2253D0-2C20-40E0-ACCD-1FF38C5351F6}"
EndProject
Global
	GlobalSection(SolutionConfigurationPlatforms) = preSolution
		Debug|Any CPU = Debug|Any CPU
		Release|Any CPU = Release|Any CPU
	EndGlobalSection
	GlobalSection(ProjectConfigurationPlatforms) = postSolution
		{E78C154A-78C3-463C-A32F-75506AA859AC}.Debug|Any CPU.ActiveCfg = Debug|Any CPU
		{E78C154A-78C3-463C-A32F-75506AA859AC}.Debug|Any CPU.Build.0 = Debug|Any CPU
		{E78C154A-78C3-463C-A32F-75506AA859AC}.Release|Any CPU.ActiveCfg = Release|Any CPU
		{E78C154A-78C3-463C-A32F-75506AA859AC}.Release|Any CPU.Build.0 = Release|Any CPU
		{A07328A4-1333-449A-BCE3-59413C388088}.Debug|Any CPU.ActiveCfg = Debug|Any CPU
		{A07328A4-1333-449A-BCE3-59413C388088}.Debug|Any CPU.Build.0 = Debug|Any CPU
		{A07328A4-1333-449A-BCE3-59413C388088}.Release|Any CPU.ActiveCfg = Release|Any CPU
		{A07328A4-1333-449A-BCE3-59413C388088}.Release|Any CPU.Build.0 = Release|Any CPU
		{1E2253D0-2C20-40E0-ACCD-1FF38C5351F6}.Debug|Any CPU.ActiveCfg = Debug|Any CPU
		{1E2253D0-2C20-40E0-ACCD-1FF38C5351F6}.Debug|Any CPU.Build.0 = Debug|Any CPU
		{1E2253D0-2C20-40E0-ACCD-1FF38C5351F6}.Release|Any CPU.ActiveCfg = Release|Any CPU
		{1E2253D0-2C20-40E0-ACCD-1FF38C5351F6}.Release|Any CPU.Build.0 = Release|Any CPU
	EndGlobalSection
	GlobalSection(SolutionProperties) = preSolution
		HideSolutionNode = FALSE
	EndGlobalSection
	GlobalSection(NestedProjects) = preSolution
		{E78C154A-78C3-463C-A32F-75506AA859AC} = {0AB00E04-C4A7-431D-B56C-A47A582715DA}
		{A07328A4-1333-449A-BCE3-59413C388088} = {0AB00E04-C4A7-431D-B56C-A47A582715DA}
		{1E2253D0-2C20-40E0-ACCD-1FF38C5351F6} = {DBFF2DFA-3540-4FDA-BB99-DBB71CC15787}
	EndGlobalSection
EndGlobal
